
Microsoft Visual Studio Solution File, Format Version 12.00
# Visual Studio 15
Project("{FAE04EC0-301F-11D3-BF4B-00C04F79EFBC}") = "MyBasicShooter", "MyBasicShooter.csproj", "{3A9B6A38-A5D1-84D6-93CF-21B0D8C979BC}"
EndProject
Global
	GlobalSection(SolutionConfigurationPlatforms) = preSolution
		Debug|Any CPU = Debug|Any CPU
		Release|Any CPU = Release|Any CPU
	EndGlobalSection
	GlobalSection(ProjectConfigurationPlatforms) = postSolution
		{3A9B6A38-A5D1-84D6-93CF-21B0D8C979BC}.Debug|Any CPU.ActiveCfg = Debug|Any CPU
		{3A9B6A38-A5D1-84D6-93CF-21B0D8C979BC}.Debug|Any CPU.Build.0 = Debug|Any CPU
		{3A9B6A38-A5D1-84D6-93CF-21B0D8C979BC}.Release|Any CPU.ActiveCfg = Release|Any CPU
		{3A9B6A38-A5D1-84D6-93CF-21B0D8C979BC}.Release|Any CPU.Build.0 = Release|Any CPU
	EndGlobalSection
	GlobalSection(SolutionProperties) = preSolution
		HideSolutionNode = FALSE
	EndGlobalSection
EndGlobal
